// !$*UTF8*$!
{
	archiveVersion = 1;
	classes = {
	};
	objectVersion = 50;
	objects = {

/* Begin PBXBuildFile section */
		39225E8921D12472005FE0D9 /* BaseCollectionCell.swift in Sources */ = {isa = PBXBuildFile; fileRef = 39225E8821D12472005FE0D9 /* BaseCollectionCell.swift */; };
		39225E8C21D12638005FE0D9 /* DataLineChartView.swift in Sources */ = {isa = PBXBuildFile; fileRef = 39225E8B21D12638005FE0D9 /* DataLineChartView.swift */; };
		39225E8E21D12B3D005FE0D9 /* RadarMarkerView.swift in Sources */ = {isa = PBXBuildFile; fileRef = 39225E8D21D12B3D005FE0D9 /* RadarMarkerView.swift */; };
		39225E9021D12B6D005FE0D9 /* RadarMarkerView.xib in Resources */ = {isa = PBXBuildFile; fileRef = 39225E8F21D12B6D005FE0D9 /* RadarMarkerView.xib */; };
		39225E9221D12BC8005FE0D9 /* BallonMarkerControl.swift in Sources */ = {isa = PBXBuildFile; fileRef = 39225E9121D12BC8005FE0D9 /* BallonMarkerControl.swift */; };
		39225E9421D12C13005FE0D9 /* BallonMarkerControl.xib in Resources */ = {isa = PBXBuildFile; fileRef = 39225E9321D12C13005FE0D9 /* BallonMarkerControl.xib */; };
		39BC377921D1191D007BF6CA /* AppDelegate.swift in Sources */ = {isa = PBXBuildFile; fileRef = 39BC377821D1191D007BF6CA /* AppDelegate.swift */; };
		39BC377B21D1191D007BF6CA /* FirstViewController.swift in Sources */ = {isa = PBXBuildFile; fileRef = 39BC377A21D1191D007BF6CA /* FirstViewController.swift */; };
		39BC377D21D1191D007BF6CA /* SecondViewController.swift in Sources */ = {isa = PBXBuildFile; fileRef = 39BC377C21D1191D007BF6CA /* SecondViewController.swift */; };
		39BC378021D1191D007BF6CA /* Main.storyboard in Resources */ = {isa = PBXBuildFile; fileRef = 39BC377E21D1191D007BF6CA /* Main.storyboard */; };
		39BC378221D1191E007BF6CA /* Assets.xcassets in Resources */ = {isa = PBXBuildFile; fileRef = 39BC378121D1191E007BF6CA /* Assets.xcassets */; };
		39BC378521D1191E007BF6CA /* LaunchScreen.storyboard in Resources */ = {isa = PBXBuildFile; fileRef = 39BC378321D1191E007BF6CA /* LaunchScreen.storyboard */; };
		39BC379021D1191F007BF6CA /* Mobile_DataTests.swift in Sources */ = {isa = PBXBuildFile; fileRef = 39BC378F21D1191F007BF6CA /* Mobile_DataTests.swift */; };
		39BC379B21D1191F007BF6CA /* Mobile_DataUITests.swift in Sources */ = {isa = PBXBuildFile; fileRef = 39BC379A21D1191F007BF6CA /* Mobile_DataUITests.swift */; };
		39BC37B521D11D42007BF6CA /* RequestManager.swift in Sources */ = {isa = PBXBuildFile; fileRef = 39BC37B421D11D42007BF6CA /* RequestManager.swift */; };
		39BC37B721D1205D007BF6CA /* APIManager.swift in Sources */ = {isa = PBXBuildFile; fileRef = 39BC37B621D1205D007BF6CA /* APIManager.swift */; };
		39BC37BA21D1218B007BF6CA /* BaseViewModel.swift in Sources */ = {isa = PBXBuildFile; fileRef = 39BC37B921D1218B007BF6CA /* BaseViewModel.swift */; };
		39BC37BC21D122B0007BF6CA /* FirstViewModel.swift in Sources */ = {isa = PBXBuildFile; fileRef = 39BC37BB21D122B0007BF6CA /* FirstViewModel.swift */; };
		39BC37BE21D122D9007BF6CA /* SecondViewModel.swift in Sources */ = {isa = PBXBuildFile; fileRef = 39BC37BD21D122D9007BF6CA /* SecondViewModel.swift */; };
		39F696C521D142010045325D /* MobileDataYearlyCell.swift in Sources */ = {isa = PBXBuildFile; fileRef = 39F696C421D142010045325D /* MobileDataYearlyCell.swift */; };
		39F696C721D1425A0045325D /* MobileDataYearlyCell.xib in Resources */ = {isa = PBXBuildFile; fileRef = 39F696C621D1425A0045325D /* MobileDataYearlyCell.xib */; };
		39F696CE21D14D990045325D /* Fields.swift in Sources */ = {isa = PBXBuildFile; fileRef = 39F696C921D14D990045325D /* Fields.swift */; };
		39F696CF21D14D990045325D /* Links.swift in Sources */ = {isa = PBXBuildFile; fileRef = 39F696CA21D14D990045325D /* Links.swift */; };
		39F696D021D14D990045325D /* Result.swift in Sources */ = {isa = PBXBuildFile; fileRef = 39F696CB21D14D990045325D /* Result.swift */; };
		39F696D121D14D990045325D /* ResponseBase.swift in Sources */ = {isa = PBXBuildFile; fileRef = 39F696CC21D14D990045325D /* ResponseBase.swift */; };
		39F696D221D14D990045325D /* Records.swift in Sources */ = {isa = PBXBuildFile; fileRef = 39F696CD21D14D990045325D /* Records.swift */; };
		39F696D421D14DBC0045325D /* YearlyModel.swift in Sources */ = {isa = PBXBuildFile; fileRef = 39F696D321D14DBC0045325D /* YearlyModel.swift */; };
		6C71FC1D62122BC93113B43A /* Pods_Mobile_DataTests.framework in Frameworks */ = {isa = PBXBuildFile; fileRef = E52FB4E244354199EA897CA1 /* Pods_Mobile_DataTests.framework */; };
		94C6261AC156EFE54BC09FB5 /* Pods_Mobile_Data.framework in Frameworks */ = {isa = PBXBuildFile; fileRef = 0F01A7CC47AB0357B8157F1E /* Pods_Mobile_Data.framework */; };
		FEE11E0BC6DAA3F544AEF75A /* Pods_Mobile_DataUITests.framework in Frameworks */ = {isa = PBXBuildFile; fileRef = C48EDEE00FD3106FCEAC6D03 /* Pods_Mobile_DataUITests.framework */; };
/* End PBXBuildFile section */

/* Begin PBXContainerItemProxy section */
		39BC378C21D1191F007BF6CA /* PBXContainerItemProxy */ = {
			isa = PBXContainerItemProxy;
			containerPortal = 39BC376D21D1191D007BF6CA /* Project object */;
			proxyType = 1;
			remoteGlobalIDString = 39BC377421D1191D007BF6CA;
			remoteInfo = "Mobile Data";
		};
		39BC379721D1191F007BF6CA /* PBXContainerItemProxy */ = {
			isa = PBXContainerItemProxy;
			containerPortal = 39BC376D21D1191D007BF6CA /* Project object */;
			proxyType = 1;
			remoteGlobalIDString = 39BC377421D1191D007BF6CA;
			remoteInfo = "Mobile Data";
		};
/* End PBXContainerItemProxy section */

/* Begin PBXFileReference section */
		0F01A7CC47AB0357B8157F1E /* Pods_Mobile_Data.framework */ = {isa = PBXFileReference; explicitFileType = wrapper.framework; includeInIndex = 0; path = Pods_Mobile_Data.framework; sourceTree = BUILT_PRODUCTS_DIR; };
		19AEBF80C256C93BF9802EF9 /* Pods-Mobile Data.release.xcconfig */ = {isa = PBXFileReference; includeInIndex = 1; lastKnownFileType = text.xcconfig; name = "Pods-Mobile Data.release.xcconfig"; path = "Pods/Target Support Files/Pods-Mobile Data/Pods-Mobile Data.release.xcconfig"; sourceTree = "<group>"; };
		39225E8821D12472005FE0D9 /* BaseCollectionCell.swift */ = {isa = PBXFileReference; lastKnownFileType = sourcecode.swift; path = BaseCollectionCell.swift; sourceTree = "<group>"; };
		39225E8B21D12638005FE0D9 /* DataLineChartView.swift */ = {isa = PBXFileReference; lastKnownFileType = sourcecode.swift; path = DataLineChartView.swift; sourceTree = "<group>"; };
		39225E8D21D12B3D005FE0D9 /* RadarMarkerView.swift */ = {isa = PBXFileReference; lastKnownFileType = sourcecode.swift; path = RadarMarkerView.swift; sourceTree = "<group>"; };
		39225E8F21D12B6D005FE0D9 /* RadarMarkerView.xib */ = {isa = PBXFileReference; lastKnownFileType = file.xib; path = RadarMarkerView.xib; sourceTree = "<group>"; };
		39225E9121D12BC8005FE0D9 /* BallonMarkerControl.swift */ = {isa = PBXFileReference; lastKnownFileType = sourcecode.swift; path = BallonMarkerControl.swift; sourceTree = "<group>"; };
		39225E9321D12C13005FE0D9 /* BallonMarkerControl.xib */ = {isa = PBXFileReference; lastKnownFileType = file.xib; path = BallonMarkerControl.xib; sourceTree = "<group>"; };
		39BC377521D1191D007BF6CA /* Mobile Data.app */ = {isa = PBXFileReference; explicitFileType = wrapper.application; includeInIndex = 0; path = "Mobile Data.app"; sourceTree = BUILT_PRODUCTS_DIR; };
		39BC377821D1191D007BF6CA /* AppDelegate.swift */ = {isa = PBXFileReference; lastKnownFileType = sourcecode.swift; path = AppDelegate.swift; sourceTree = "<group>"; };
		39BC377A21D1191D007BF6CA /* FirstViewController.swift */ = {isa = PBXFileReference; lastKnownFileType = sourcecode.swift; path = FirstViewController.swift; sourceTree = "<group>"; };
		39BC377C21D1191D007BF6CA /* SecondViewController.swift */ = {isa = PBXFileReference; lastKnownFileType = sourcecode.swift; path = SecondViewController.swift; sourceTree = "<group>"; };
		39BC377F21D1191D007BF6CA /* Base */ = {isa = PBXFileReference; lastKnownFileType = file.storyboard; name = Base; path = Base.lproj/Main.storyboard; sourceTree = "<group>"; };
		39BC378121D1191E007BF6CA /* Assets.xcassets */ = {isa = PBXFileReference; lastKnownFileType = folder.assetcatalog; path = Assets.xcassets; sourceTree = "<group>"; };
		39BC378421D1191E007BF6CA /* Base */ = {isa = PBXFileReference; lastKnownFileType = file.storyboard; name = Base; path = Base.lproj/LaunchScreen.storyboard; sourceTree = "<group>"; };
		39BC378621D1191E007BF6CA /* Info.plist */ = {isa = PBXFileReference; lastKnownFileType = text.plist.xml; path = Info.plist; sourceTree = "<group>"; };
		39BC378B21D1191F007BF6CA /* Mobile DataTests.xctest */ = {isa = PBXFileReference; explicitFileType = wrapper.cfbundle; includeInIndex = 0; path = "Mobile DataTests.xctest"; sourceTree = BUILT_PRODUCTS_DIR; };
		39BC378F21D1191F007BF6CA /* Mobile_DataTests.swift */ = {isa = PBXFileReference; lastKnownFileType = sourcecode.swift; path = Mobile_DataTests.swift; sourceTree = "<group>"; };
		39BC379121D1191F007BF6CA /* Info.plist */ = {isa = PBXFileReference; lastKnownFileType = text.plist.xml; path = Info.plist; sourceTree = "<group>"; };
		39BC379621D1191F007BF6CA /* Mobile DataUITests.xctest */ = {isa = PBXFileReference; explicitFileType = wrapper.cfbundle; includeInIndex = 0; path = "Mobile DataUITests.xctest"; sourceTree = BUILT_PRODUCTS_DIR; };
		39BC379A21D1191F007BF6CA /* Mobile_DataUITests.swift */ = {isa = PBXFileReference; lastKnownFileType = sourcecode.swift; path = Mobile_DataUITests.swift; sourceTree = "<group>"; };
		39BC379C21D1191F007BF6CA /* Info.plist */ = {isa = PBXFileReference; lastKnownFileType = text.plist.xml; path = Info.plist; sourceTree = "<group>"; };
		39BC37B421D11D42007BF6CA /* RequestManager.swift */ = {isa = PBXFileReference; lastKnownFileType = sourcecode.swift; path = RequestManager.swift; sourceTree = "<group>"; };
		39BC37B621D1205D007BF6CA /* APIManager.swift */ = {isa = PBXFileReference; lastKnownFileType = sourcecode.swift; path = APIManager.swift; sourceTree = "<group>"; };
		39BC37B921D1218B007BF6CA /* BaseViewModel.swift */ = {isa = PBXFileReference; lastKnownFileType = sourcecode.swift; path = BaseViewModel.swift; sourceTree = "<group>"; };
		39BC37BB21D122B0007BF6CA /* FirstViewModel.swift */ = {isa = PBXFileReference; lastKnownFileType = sourcecode.swift; path = FirstViewModel.swift; sourceTree = "<group>"; };
		39BC37BD21D122D9007BF6CA /* SecondViewModel.swift */ = {isa = PBXFileReference; lastKnownFileType = sourcecode.swift; path = SecondViewModel.swift; sourceTree = "<group>"; };
		39F696C421D142010045325D /* MobileDataYearlyCell.swift */ = {isa = PBXFileReference; lastKnownFileType = sourcecode.swift; path = MobileDataYearlyCell.swift; sourceTree = "<group>"; };
		39F696C621D1425A0045325D /* MobileDataYearlyCell.xib */ = {isa = PBXFileReference; lastKnownFileType = file.xib; path = MobileDataYearlyCell.xib; sourceTree = "<group>"; };
		39F696C921D14D990045325D /* Fields.swift */ = {isa = PBXFileReference; fileEncoding = 4; lastKnownFileType = sourcecode.swift; path = Fields.swift; sourceTree = "<group>"; };
		39F696CA21D14D990045325D /* Links.swift */ = {isa = PBXFileReference; fileEncoding = 4; lastKnownFileType = sourcecode.swift; path = Links.swift; sourceTree = "<group>"; };
		39F696CB21D14D990045325D /* Result.swift */ = {isa = PBXFileReference; fileEncoding = 4; lastKnownFileType = sourcecode.swift; path = Result.swift; sourceTree = "<group>"; };
		39F696CC21D14D990045325D /* ResponseBase.swift */ = {isa = PBXFileReference; fileEncoding = 4; lastKnownFileType = sourcecode.swift; path = ResponseBase.swift; sourceTree = "<group>"; };
		39F696CD21D14D990045325D /* Records.swift */ = {isa = PBXFileReference; fileEncoding = 4; lastKnownFileType = sourcecode.swift; path = Records.swift; sourceTree = "<group>"; };
		39F696D321D14DBC0045325D /* YearlyModel.swift */ = {isa = PBXFileReference; lastKnownFileType = sourcecode.swift; path = YearlyModel.swift; sourceTree = "<group>"; };
		4F264672850AC963E472D57D /* Pods-Mobile Data.debug.xcconfig */ = {isa = PBXFileReference; includeInIndex = 1; lastKnownFileType = text.xcconfig; name = "Pods-Mobile Data.debug.xcconfig"; path = "Pods/Target Support Files/Pods-Mobile Data/Pods-Mobile Data.debug.xcconfig"; sourceTree = "<group>"; };
		62BD370A97F5E636A3A6410E /* Pods-Mobile DataUITests.release.xcconfig */ = {isa = PBXFileReference; includeInIndex = 1; lastKnownFileType = text.xcconfig; name = "Pods-Mobile DataUITests.release.xcconfig"; path = "Pods/Target Support Files/Pods-Mobile DataUITests/Pods-Mobile DataUITests.release.xcconfig"; sourceTree = "<group>"; };
		6C8093466E46F0BF799FF6D9 /* Pods-Mobile DataUITests.debug.xcconfig */ = {isa = PBXFileReference; includeInIndex = 1; lastKnownFileType = text.xcconfig; name = "Pods-Mobile DataUITests.debug.xcconfig"; path = "Pods/Target Support Files/Pods-Mobile DataUITests/Pods-Mobile DataUITests.debug.xcconfig"; sourceTree = "<group>"; };
		8C9A1FE665D54A2F09799D7B /* Pods-Mobile DataTests.release.xcconfig */ = {isa = PBXFileReference; includeInIndex = 1; lastKnownFileType = text.xcconfig; name = "Pods-Mobile DataTests.release.xcconfig"; path = "Pods/Target Support Files/Pods-Mobile DataTests/Pods-Mobile DataTests.release.xcconfig"; sourceTree = "<group>"; };
		C48EDEE00FD3106FCEAC6D03 /* Pods_Mobile_DataUITests.framework */ = {isa = PBXFileReference; explicitFileType = wrapper.framework; includeInIndex = 0; path = Pods_Mobile_DataUITests.framework; sourceTree = BUILT_PRODUCTS_DIR; };
		D4E753EF11CAFB933C3FF2DD /* Pods-Mobile DataTests.debug.xcconfig */ = {isa = PBXFileReference; includeInIndex = 1; lastKnownFileType = text.xcconfig; name = "Pods-Mobile DataTests.debug.xcconfig"; path = "Pods/Target Support Files/Pods-Mobile DataTests/Pods-Mobile DataTests.debug.xcconfig"; sourceTree = "<group>"; };
		E52FB4E244354199EA897CA1 /* Pods_Mobile_DataTests.framework */ = {isa = PBXFileReference; explicitFileType = wrapper.framework; includeInIndex = 0; path = Pods_Mobile_DataTests.framework; sourceTree = BUILT_PRODUCTS_DIR; };
/* End PBXFileReference section */

/* Begin PBXFrameworksBuildPhase section */
		39BC377221D1191D007BF6CA /* Frameworks */ = {
			isa = PBXFrameworksBuildPhase;
			buildActionMask = 2147483647;
			files = (
				94C6261AC156EFE54BC09FB5 /* Pods_Mobile_Data.framework in Frameworks */,
			);
			runOnlyForDeploymentPostprocessing = 0;
		};
		39BC378821D1191F007BF6CA /* Frameworks */ = {
			isa = PBXFrameworksBuildPhase;
			buildActionMask = 2147483647;
			files = (
				6C71FC1D62122BC93113B43A /* Pods_Mobile_DataTests.framework in Frameworks */,
			);
			runOnlyForDeploymentPostprocessing = 0;
		};
		39BC379321D1191F007BF6CA /* Frameworks */ = {
			isa = PBXFrameworksBuildPhase;
			buildActionMask = 2147483647;
			files = (
				FEE11E0BC6DAA3F544AEF75A /* Pods_Mobile_DataUITests.framework in Frameworks */,
			);
			runOnlyForDeploymentPostprocessing = 0;
		};
/* End PBXFrameworksBuildPhase section */

/* Begin PBXGroup section */
		39225E8621D12463005FE0D9 /* Components */ = {
			isa = PBXGroup;
			children = (
				39225E8A21D12555005FE0D9 /* View */,
				39225E8721D12463005FE0D9 /* CollectionCell */,
			);
			path = Components;
			sourceTree = "<group>";
		};
		39225E8721D12463005FE0D9 /* CollectionCell */ = {
			isa = PBXGroup;
			children = (
				39225E8821D12472005FE0D9 /* BaseCollectionCell.swift */,
				39F696C421D142010045325D /* MobileDataYearlyCell.swift */,
				39F696C621D1425A0045325D /* MobileDataYearlyCell.xib */,
			);
			path = CollectionCell;
			sourceTree = "<group>";
		};
		39225E8A21D12555005FE0D9 /* View */ = {
			isa = PBXGroup;
			children = (
				39225E8B21D12638005FE0D9 /* DataLineChartView.swift */,
				39225E8D21D12B3D005FE0D9 /* RadarMarkerView.swift */,
				39225E8F21D12B6D005FE0D9 /* RadarMarkerView.xib */,
				39225E9121D12BC8005FE0D9 /* BallonMarkerControl.swift */,
				39225E9321D12C13005FE0D9 /* BallonMarkerControl.xib */,
			);
			path = View;
			sourceTree = "<group>";
		};
		39BC376C21D1191D007BF6CA = {
			isa = PBXGroup;
			children = (
				39BC377721D1191D007BF6CA /* Mobile Data */,
				39BC378E21D1191F007BF6CA /* Mobile DataTests */,
				39BC379921D1191F007BF6CA /* Mobile DataUITests */,
				39BC377621D1191D007BF6CA /* Products */,
				C989544D68A75417E7098797 /* Pods */,
				FF31D6E8108EB7565507AA35 /* Frameworks */,
			);
			sourceTree = "<group>";
		};
		39BC377621D1191D007BF6CA /* Products */ = {
			isa = PBXGroup;
			children = (
				39BC377521D1191D007BF6CA /* Mobile Data.app */,
				39BC378B21D1191F007BF6CA /* Mobile DataTests.xctest */,
				39BC379621D1191F007BF6CA /* Mobile DataUITests.xctest */,
			);
			name = Products;
			sourceTree = "<group>";
		};
		39BC377721D1191D007BF6CA /* Mobile Data */ = {
			isa = PBXGroup;
			children = (
				39225E8621D12463005FE0D9 /* Components */,
				39BC37B821D1210D007BF6CA /* ViewModel */,
				39BC37B321D11D2C007BF6CA /* Service */,
				39BC37A821D11A93007BF6CA /* Model */,
				39BC377821D1191D007BF6CA /* AppDelegate.swift */,
				39BC377A21D1191D007BF6CA /* FirstViewController.swift */,
				39BC377C21D1191D007BF6CA /* SecondViewController.swift */,
				39BC377E21D1191D007BF6CA /* Main.storyboard */,
				39BC378121D1191E007BF6CA /* Assets.xcassets */,
				39BC378321D1191E007BF6CA /* LaunchScreen.storyboard */,
				39BC378621D1191E007BF6CA /* Info.plist */,
			);
			path = "Mobile Data";
			sourceTree = "<group>";
		};
		39BC378E21D1191F007BF6CA /* Mobile DataTests */ = {
			isa = PBXGroup;
			children = (
				39BC378F21D1191F007BF6CA /* Mobile_DataTests.swift */,
				39BC379121D1191F007BF6CA /* Info.plist */,
			);
			path = "Mobile DataTests";
			sourceTree = "<group>";
		};
		39BC379921D1191F007BF6CA /* Mobile DataUITests */ = {
			isa = PBXGroup;
			children = (
				39BC379A21D1191F007BF6CA /* Mobile_DataUITests.swift */,
				39BC379C21D1191F007BF6CA /* Info.plist */,
			);
			path = "Mobile DataUITests";
			sourceTree = "<group>";
		};
		39BC37A821D11A93007BF6CA /* Model */ = {
			isa = PBXGroup;
			children = (
				39F696C821D14D990045325D /* CodableModel */,
				39F696D321D14DBC0045325D /* YearlyModel.swift */,
			);
			path = Model;
			sourceTree = "<group>";
		};
		39BC37B321D11D2C007BF6CA /* Service */ = {
			isa = PBXGroup;
			children = (
				39BC37B421D11D42007BF6CA /* RequestManager.swift */,
				39BC37B621D1205D007BF6CA /* APIManager.swift */,
			);
			path = Service;
			sourceTree = "<group>";
		};
		39BC37B821D1210D007BF6CA /* ViewModel */ = {
			isa = PBXGroup;
			children = (
				39BC37B921D1218B007BF6CA /* BaseViewModel.swift */,
				39BC37BB21D122B0007BF6CA /* FirstViewModel.swift */,
				39BC37BD21D122D9007BF6CA /* SecondViewModel.swift */,
			);
			path = ViewModel;
			sourceTree = "<group>";
		};
		39F696C821D14D990045325D /* CodableModel */ = {
			isa = PBXGroup;
			children = (
				39F696C921D14D990045325D /* Fields.swift */,
				39F696CA21D14D990045325D /* Links.swift */,
				39F696CB21D14D990045325D /* Result.swift */,
				39F696CC21D14D990045325D /* ResponseBase.swift */,
				39F696CD21D14D990045325D /* Records.swift */,
			);
			path = CodableModel;
			sourceTree = "<group>";
		};
		C989544D68A75417E7098797 /* Pods */ = {
			isa = PBXGroup;
			children = (
				4F264672850AC963E472D57D /* Pods-Mobile Data.debug.xcconfig */,
				19AEBF80C256C93BF9802EF9 /* Pods-Mobile Data.release.xcconfig */,
				D4E753EF11CAFB933C3FF2DD /* Pods-Mobile DataTests.debug.xcconfig */,
				8C9A1FE665D54A2F09799D7B /* Pods-Mobile DataTests.release.xcconfig */,
				6C8093466E46F0BF799FF6D9 /* Pods-Mobile DataUITests.debug.xcconfig */,
				62BD370A97F5E636A3A6410E /* Pods-Mobile DataUITests.release.xcconfig */,
			);
			name = Pods;
			sourceTree = "<group>";
		};
		FF31D6E8108EB7565507AA35 /* Frameworks */ = {
			isa = PBXGroup;
			children = (
				0F01A7CC47AB0357B8157F1E /* Pods_Mobile_Data.framework */,
				E52FB4E244354199EA897CA1 /* Pods_Mobile_DataTests.framework */,
				C48EDEE00FD3106FCEAC6D03 /* Pods_Mobile_DataUITests.framework */,
			);
			name = Frameworks;
			sourceTree = "<group>";
		};
/* End PBXGroup section */

/* Begin PBXNativeTarget section */
		39BC377421D1191D007BF6CA /* Mobile Data */ = {
			isa = PBXNativeTarget;
			buildConfigurationList = 39BC379F21D1191F007BF6CA /* Build configuration list for PBXNativeTarget "Mobile Data" */;
			buildPhases = (
				8C0A002F7A1037A698C5CACF /* [CP] Check Pods Manifest.lock */,
				39BC377121D1191D007BF6CA /* Sources */,
				39BC377221D1191D007BF6CA /* Frameworks */,
				39BC377321D1191D007BF6CA /* Resources */,
				4A52A253F907E5DA0135CA56 /* [CP] Embed Pods Frameworks */,
			);
			buildRules = (
			);
			dependencies = (
			);
			name = "Mobile Data";
			productName = "Mobile Data";
			productReference = 39BC377521D1191D007BF6CA /* Mobile Data.app */;
			productType = "com.apple.product-type.application";
		};
		39BC378A21D1191F007BF6CA /* Mobile DataTests */ = {
			isa = PBXNativeTarget;
			buildConfigurationList = 39BC37A221D1191F007BF6CA /* Build configuration list for PBXNativeTarget "Mobile DataTests" */;
			buildPhases = (
				E240E7D7480F2BCED187425D /* [CP] Check Pods Manifest.lock */,
				39BC378721D1191F007BF6CA /* Sources */,
				39BC378821D1191F007BF6CA /* Frameworks */,
				39BC378921D1191F007BF6CA /* Resources */,
			);
			buildRules = (
			);
			dependencies = (
				39BC378D21D1191F007BF6CA /* PBXTargetDependency */,
			);
			name = "Mobile DataTests";
			productName = "Mobile DataTests";
			productReference = 39BC378B21D1191F007BF6CA /* Mobile DataTests.xctest */;
			productType = "com.apple.product-type.bundle.unit-test";
		};
		39BC379521D1191F007BF6CA /* Mobile DataUITests */ = {
			isa = PBXNativeTarget;
			buildConfigurationList = 39BC37A521D1191F007BF6CA /* Build configuration list for PBXNativeTarget "Mobile DataUITests" */;
			buildPhases = (
				08D062E4F93E1DE4EAD6C3F3 /* [CP] Check Pods Manifest.lock */,
				39BC379221D1191F007BF6CA /* Sources */,
				39BC379321D1191F007BF6CA /* Frameworks */,
				39BC379421D1191F007BF6CA /* Resources */,
			);
			buildRules = (
			);
			dependencies = (
				39BC379821D1191F007BF6CA /* PBXTargetDependency */,
			);
			name = "Mobile DataUITests";
			productName = "Mobile DataUITests";
			productReference = 39BC379621D1191F007BF6CA /* Mobile DataUITests.xctest */;
			productType = "com.apple.product-type.bundle.ui-testing";
		};
/* End PBXNativeTarget section */

/* Begin PBXProject section */
		39BC376D21D1191D007BF6CA /* Project object */ = {
			isa = PBXProject;
			attributes = {
				LastSwiftUpdateCheck = 1010;
				LastUpgradeCheck = 1010;
				ORGANIZATIONNAME = "Aung Phyoe";
				TargetAttributes = {
					39BC377421D1191D007BF6CA = {
						CreatedOnToolsVersion = 10.1;
					};
					39BC378A21D1191F007BF6CA = {
						CreatedOnToolsVersion = 10.1;
						TestTargetID = 39BC377421D1191D007BF6CA;
					};
					39BC379521D1191F007BF6CA = {
						CreatedOnToolsVersion = 10.1;
						TestTargetID = 39BC377421D1191D007BF6CA;
					};
				};
			};
			buildConfigurationList = 39BC377021D1191D007BF6CA /* Build configuration list for PBXProject "Mobile Data" */;
			compatibilityVersion = "Xcode 9.3";
			developmentRegion = en;
			hasScannedForEncodings = 0;
			knownRegions = (
				en,
				Base,
			);
			mainGroup = 39BC376C21D1191D007BF6CA;
			productRefGroup = 39BC377621D1191D007BF6CA /* Products */;
			projectDirPath = "";
			projectRoot = "";
			targets = (
				39BC377421D1191D007BF6CA /* Mobile Data */,
				39BC378A21D1191F007BF6CA /* Mobile DataTests */,
				39BC379521D1191F007BF6CA /* Mobile DataUITests */,
			);
		};
/* End PBXProject section */

/* Begin PBXResourcesBuildPhase section */
		39BC377321D1191D007BF6CA /* Resources */ = {
			isa = PBXResourcesBuildPhase;
			buildActionMask = 2147483647;
			files = (
				39BC378521D1191E007BF6CA /* LaunchScreen.storyboard in Resources */,
				39BC378221D1191E007BF6CA /* Assets.xcassets in Resources */,
				39225E9421D12C13005FE0D9 /* BallonMarkerControl.xib in Resources */,
				39F696C721D1425A0045325D /* MobileDataYearlyCell.xib in Resources */,
				39BC378021D1191D007BF6CA /* Main.storyboard in Resources */,
				39225E9021D12B6D005FE0D9 /* RadarMarkerView.xib in Resources */,
			);
			runOnlyForDeploymentPostprocessing = 0;
		};
		39BC378921D1191F007BF6CA /* Resources */ = {
			isa = PBXResourcesBuildPhase;
			buildActionMask = 2147483647;
			files = (
			);
			runOnlyForDeploymentPostprocessing = 0;
		};
		39BC379421D1191F007BF6CA /* Resources */ = {
			isa = PBXResourcesBuildPhase;
			buildActionMask = 2147483647;
			files = (
			);
			runOnlyForDeploymentPostprocessing = 0;
		};
/* End PBXResourcesBuildPhase section */

/* Begin PBXShellScriptBuildPhase section */
		08D062E4F93E1DE4EAD6C3F3 /* [CP] Check Pods Manifest.lock */ = {
			isa = PBXShellScriptBuildPhase;
			buildActionMask = 2147483647;
			files = (
			);
			inputFileListPaths = (
			);
			inputPaths = (
				"${PODS_PODFILE_DIR_PATH}/Podfile.lock",
				"${PODS_ROOT}/Manifest.lock",
			);
			name = "[CP] Check Pods Manifest.lock";
			outputFileListPaths = (
			);
			outputPaths = (
				"$(DERIVED_FILE_DIR)/Pods-Mobile DataUITests-checkManifestLockResult.txt",
			);
			runOnlyForDeploymentPostprocessing = 0;
			shellPath = /bin/sh;
			shellScript = "diff \"${PODS_PODFILE_DIR_PATH}/Podfile.lock\" \"${PODS_ROOT}/Manifest.lock\" > /dev/null\nif [ $? != 0 ] ; then\n    # print error to STDERR\n    echo \"error: The sandbox is not in sync with the Podfile.lock. Run 'pod install' or update your CocoaPods installation.\" >&2\n    exit 1\nfi\n# This output is used by Xcode 'outputs' to avoid re-running this script phase.\necho \"SUCCESS\" > \"${SCRIPT_OUTPUT_FILE_0}\"\n";
			showEnvVarsInLog = 0;
		};
		4A52A253F907E5DA0135CA56 /* [CP] Embed Pods Frameworks */ = {
			isa = PBXShellScriptBuildPhase;
			buildActionMask = 2147483647;
			files = (
			);
			inputFileListPaths = (
			);
			inputPaths = (
				"${SRCROOT}/Pods/Target Support Files/Pods-Mobile Data/Pods-Mobile Data-frameworks.sh",
				"${BUILT_PRODUCTS_DIR}/Charts/Charts.framework",
			);
			name = "[CP] Embed Pods Frameworks";
			outputFileListPaths = (
			);
			outputPaths = (
				"${TARGET_BUILD_DIR}/${FRAMEWORKS_FOLDER_PATH}/Charts.framework",
			);
			runOnlyForDeploymentPostprocessing = 0;
			shellPath = /bin/sh;
			shellScript = "\"${SRCROOT}/Pods/Target Support Files/Pods-Mobile Data/Pods-Mobile Data-frameworks.sh\"\n";
			showEnvVarsInLog = 0;
		};
		8C0A002F7A1037A698C5CACF /* [CP] Check Pods Manifest.lock */ = {
			isa = PBXShellScriptBuildPhase;
			buildActionMask = 2147483647;
			files = (
			);
			inputFileListPaths = (
			);
			inputPaths = (
				"${PODS_PODFILE_DIR_PATH}/Podfile.lock",
				"${PODS_ROOT}/Manifest.lock",
			);
			name = "[CP] Check Pods Manifest.lock";
			outputFileListPaths = (
			);
			outputPaths = (
				"$(DERIVED_FILE_DIR)/Pods-Mobile Data-checkManifestLockResult.txt",
			);
			runOnlyForDeploymentPostprocessing = 0;
			shellPath = /bin/sh;
			shellScript = "diff \"${PODS_PODFILE_DIR_PATH}/Podfile.lock\" \"${PODS_ROOT}/Manifest.lock\" > /dev/null\nif [ $? != 0 ] ; then\n    # print error to STDERR\n    echo \"error: The sandbox is not in sync with the Podfile.lock. Run 'pod install' or update your CocoaPods installation.\" >&2\n    exit 1\nfi\n# This output is used by Xcode 'outputs' to avoid re-running this script phase.\necho \"SUCCESS\" > \"${SCRIPT_OUTPUT_FILE_0}\"\n";
			showEnvVarsInLog = 0;
		};
		E240E7D7480F2BCED187425D /* [CP] Check Pods Manifest.lock */ = {
			isa = PBXShellScriptBuildPhase;
			buildActionMask = 2147483647;
			files = (
			);
			inputFileListPaths = (
			);
			inputPaths = (
				"${PODS_PODFILE_DIR_PATH}/Podfile.lock",
				"${PODS_ROOT}/Manifest.lock",
			);
			name = "[CP] Check Pods Manifest.lock";
			outputFileListPaths = (
			);
			outputPaths = (
				"$(DERIVED_FILE_DIR)/Pods-Mobile DataTests-checkManifestLockResult.txt",
			);
			runOnlyForDeploymentPostprocessing = 0;
			shellPath = /bin/sh;
			shellScript = "diff \"${PODS_PODFILE_DIR_PATH}/Podfile.lock\" \"${PODS_ROOT}/Manifest.lock\" > /dev/null\nif [ $? != 0 ] ; then\n    # print error to STDERR\n    echo \"error: The sandbox is not in sync with the Podfile.lock. Run 'pod install' or update your CocoaPods installation.\" >&2\n    exit 1\nfi\n# This output is used by Xcode 'outputs' to avoid re-running this script phase.\necho \"SUCCESS\" > \"${SCRIPT_OUTPUT_FILE_0}\"\n";
			showEnvVarsInLog = 0;
		};
/* End PBXShellScriptBuildPhase section */

/* Begin PBXSourcesBuildPhase section */
		39BC377121D1191D007BF6CA /* Sources */ = {
			isa = PBXSourcesBuildPhase;
			buildActionMask = 2147483647;
			files = (
				39F696D121D14D990045325D /* ResponseBase.swift in Sources */,
				39F696D421D14DBC0045325D /* YearlyModel.swift in Sources */,
				39BC37BA21D1218B007BF6CA /* BaseViewModel.swift in Sources */,
				39BC377D21D1191D007BF6CA /* SecondViewController.swift in Sources */,
				39225E9221D12BC8005FE0D9 /* BallonMarkerControl.swift in Sources */,
				39BC37B721D1205D007BF6CA /* APIManager.swift in Sources */,
				39F696CE21D14D990045325D /* Fields.swift in Sources */,
				39BC377921D1191D007BF6CA /* AppDelegate.swift in Sources */,
				39F696D021D14D990045325D /* Result.swift in Sources */,
				39F696C521D142010045325D /* MobileDataYearlyCell.swift in Sources */,
				39225E8921D12472005FE0D9 /* BaseCollectionCell.swift in Sources */,
				39225E8E21D12B3D005FE0D9 /* RadarMarkerView.swift in Sources */,
				39BC37BE21D122D9007BF6CA /* SecondViewModel.swift in Sources */,
				39F696D221D14D990045325D /* Records.swift in Sources */,
				39F696CF21D14D990045325D /* Links.swift in Sources */,
				39BC37BC21D122B0007BF6CA /* FirstViewModel.swift in Sources */,
				39225E8C21D12638005FE0D9 /* DataLineChartView.swift in Sources */,
				39BC37B521D11D42007BF6CA /* RequestManager.swift in Sources */,
				39BC377B21D1191D007BF6CA /* FirstViewController.swift in Sources */,
			);
			runOnlyForDeploymentPostprocessing = 0;
		};
		39BC378721D1191F007BF6CA /* Sources */ = {
			isa = PBXSourcesBuildPhase;
			buildActionMask = 2147483647;
			files = (
				39BC379021D1191F007BF6CA /* Mobile_DataTests.swift in Sources */,
			);
			runOnlyForDeploymentPostprocessing = 0;
		};
		39BC379221D1191F007BF6CA /* Sources */ = {
			isa = PBXSourcesBuildPhase;
			buildActionMask = 2147483647;
			files = (
				39BC379B21D1191F007BF6CA /* Mobile_DataUITests.swift in Sources */,
			);
			runOnlyForDeploymentPostprocessing = 0;
		};
/* End PBXSourcesBuildPhase section */

/* Begin PBXTargetDependency section */
		39BC378D21D1191F007BF6CA /* PBXTargetDependency */ = {
			isa = PBXTargetDependency;
			target = 39BC377421D1191D007BF6CA /* Mobile Data */;
			targetProxy = 39BC378C21D1191F007BF6CA /* PBXContainerItemProxy */;
		};
		39BC379821D1191F007BF6CA /* PBXTargetDependency */ = {
			isa = PBXTargetDependency;
			target = 39BC377421D1191D007BF6CA /* Mobile Data */;
			targetProxy = 39BC379721D1191F007BF6CA /* PBXContainerItemProxy */;
		};
/* End PBXTargetDependency section */

/* Begin PBXVariantGroup section */
		39BC377E21D1191D007BF6CA /* Main.storyboard */ = {
			isa = PBXVariantGroup;
			children = (
				39BC377F21D1191D007BF6CA /* Base */,
			);
			name = Main.storyboard;
			sourceTree = "<group>";
		};
		39BC378321D1191E007BF6CA /* LaunchScreen.storyboard */ = {
			isa = PBXVariantGroup;
			children = (
				39BC378421D1191E007BF6CA /* Base */,
			);
			name = LaunchScreen.storyboard;
			sourceTree = "<group>";
		};
/* End PBXVariantGroup section */

/* Begin XCBuildConfiguration section */
		39BC379D21D1191F007BF6CA /* Debug */ = {
			isa = XCBuildConfiguration;
			buildSettings = {
				ALWAYS_SEARCH_USER_PATHS = NO;
				CLANG_ANALYZER_NONNULL = YES;
				CLANG_ANALYZER_NUMBER_OBJECT_CONVERSION = YES_AGGRESSIVE;
				CLANG_CXX_LANGUAGE_STANDARD = "gnu++14";
				CLANG_CXX_LIBRARY = "libc++";
				CLANG_ENABLE_MODULES = YES;
				CLANG_ENABLE_OBJC_ARC = YES;
				CLANG_ENABLE_OBJC_WEAK = YES;
				CLANG_WARN_BLOCK_CAPTURE_AUTORELEASING = YES;
				CLANG_WARN_BOOL_CONVERSION = YES;
				CLANG_WARN_COMMA = YES;
				CLANG_WARN_CONSTANT_CONVERSION = YES;
				CLANG_WARN_DEPRECATED_OBJC_IMPLEMENTATIONS = YES;
				CLANG_WARN_DIRECT_OBJC_ISA_USAGE = YES_ERROR;
				CLANG_WARN_DOCUMENTATION_COMMENTS = YES;
				CLANG_WARN_EMPTY_BODY = YES;
				CLANG_WARN_ENUM_CONVERSION = YES;
				CLANG_WARN_INFINITE_RECURSION = YES;
				CLANG_WARN_INT_CONVERSION = YES;
				CLANG_WARN_NON_LITERAL_NULL_CONVERSION = YES;
				CLANG_WARN_OBJC_IMPLICIT_RETAIN_SELF = YES;
				CLANG_WARN_OBJC_LITERAL_CONVERSION = YES;
				CLANG_WARN_OBJC_ROOT_CLASS = YES_ERROR;
				CLANG_WARN_RANGE_LOOP_ANALYSIS = YES;
				CLANG_WARN_STRICT_PROTOTYPES = YES;
				CLANG_WARN_SUSPICIOUS_MOVE = YES;
				CLANG_WARN_UNGUARDED_AVAILABILITY = YES_AGGRESSIVE;
				CLANG_WARN_UNREACHABLE_CODE = YES;
				CLANG_WARN__DUPLICATE_METHOD_MATCH = YES;
				CODE_SIGN_IDENTITY = "iPhone Developer";
				COPY_PHASE_STRIP = NO;
				DEBUG_INFORMATION_FORMAT = dwarf;
				ENABLE_STRICT_OBJC_MSGSEND = YES;
				ENABLE_TESTABILITY = YES;
				GCC_C_LANGUAGE_STANDARD = gnu11;
				GCC_DYNAMIC_NO_PIC = NO;
				GCC_NO_COMMON_BLOCKS = YES;
				GCC_OPTIMIZATION_LEVEL = 0;
				GCC_PREPROCESSOR_DEFINITIONS = (
					"DEBUG=1",
					"$(inherited)",
				);
				GCC_WARN_64_TO_32_BIT_CONVERSION = YES;
				GCC_WARN_ABOUT_RETURN_TYPE = YES_ERROR;
				GCC_WARN_UNDECLARED_SELECTOR = YES;
				GCC_WARN_UNINITIALIZED_AUTOS = YES_AGGRESSIVE;
				GCC_WARN_UNUSED_FUNCTION = YES;
				GCC_WARN_UNUSED_VARIABLE = YES;
				IPHONEOS_DEPLOYMENT_TARGET = 12.1;
				MTL_ENABLE_DEBUG_INFO = INCLUDE_SOURCE;
				MTL_FAST_MATH = YES;
				ONLY_ACTIVE_ARCH = YES;
				SDKROOT = iphoneos;
				SWIFT_ACTIVE_COMPILATION_CONDITIONS = DEBUG;
				SWIFT_OPTIMIZATION_LEVEL = "-Onone";
			};
			name = Debug;
		};
		39BC379E21D1191F007BF6CA /* Release */ = {
			isa = XCBuildConfiguration;
			buildSettings = {
				ALWAYS_SEARCH_USER_PATHS = NO;
				CLANG_ANALYZER_NONNULL = YES;
				CLANG_ANALYZER_NUMBER_OBJECT_CONVERSION = YES_AGGRESSIVE;
				CLANG_CXX_LANGUAGE_STANDARD = "gnu++14";
				CLANG_CXX_LIBRARY = "libc++";
				CLANG_ENABLE_MODULES = YES;
				CLANG_ENABLE_OBJC_ARC = YES;
				CLANG_ENABLE_OBJC_WEAK = YES;
				CLANG_WARN_BLOCK_CAPTURE_AUTORELEASING = YES;
				CLANG_WARN_BOOL_CONVERSION = YES;
				CLANG_WARN_COMMA = YES;
				CLANG_WARN_CONSTANT_CONVERSION = YES;
				CLANG_WARN_DEPRECATED_OBJC_IMPLEMENTATIONS = YES;
				CLANG_WARN_DIRECT_OBJC_ISA_USAGE = YES_ERROR;
				CLANG_WARN_DOCUMENTATION_COMMENTS = YES;
				CLANG_WARN_EMPTY_BODY = YES;
				CLANG_WARN_ENUM_CONVERSION = YES;
				CLANG_WARN_INFINITE_RECURSION = YES;
				CLANG_WARN_INT_CONVERSION = YES;
				CLANG_WARN_NON_LITERAL_NULL_CONVERSION = YES;
				CLANG_WARN_OBJC_IMPLICIT_RETAIN_SELF = YES;
				CLANG_WARN_OBJC_LITERAL_CONVERSION = YES;
				CLANG_WARN_OBJC_ROOT_CLASS = YES_ERROR;
				CLANG_WARN_RANGE_LOOP_ANALYSIS = YES;
				CLANG_WARN_STRICT_PROTOTYPES = YES;
				CLANG_WARN_SUSPICIOUS_MOVE = YES;
				CLANG_WARN_UNGUARDED_AVAILABILITY = YES_AGGRESSIVE;
				CLANG_WARN_UNREACHABLE_CODE = YES;
				CLANG_WARN__DUPLICATE_METHOD_MATCH = YES;
				CODE_SIGN_IDENTITY = "iPhone Developer";
				COPY_PHASE_STRIP = NO;
				DEBUG_INFORMATION_FORMAT = "dwarf-with-dsym";
				ENABLE_NS_ASSERTIONS = NO;
				ENABLE_STRICT_OBJC_MSGSEND = YES;
				GCC_C_LANGUAGE_STANDARD = gnu11;
				GCC_NO_COMMON_BLOCKS = YES;
				GCC_WARN_64_TO_32_BIT_CONVERSION = YES;
				GCC_WARN_ABOUT_RETURN_TYPE = YES_ERROR;
				GCC_WARN_UNDECLARED_SELECTOR = YES;
				GCC_WARN_UNINITIALIZED_AUTOS = YES_AGGRESSIVE;
				GCC_WARN_UNUSED_FUNCTION = YES;
				GCC_WARN_UNUSED_VARIABLE = YES;
				IPHONEOS_DEPLOYMENT_TARGET = 12.1;
				MTL_ENABLE_DEBUG_INFO = NO;
				MTL_FAST_MATH = YES;
				SDKROOT = iphoneos;
				SWIFT_COMPILATION_MODE = wholemodule;
				SWIFT_OPTIMIZATION_LEVEL = "-O";
				VALIDATE_PRODUCT = YES;
			};
			name = Release;
		};
		39BC37A021D1191F007BF6CA /* Debug */ = {
			isa = XCBuildConfiguration;
			baseConfigurationReference = 4F264672850AC963E472D57D /* Pods-Mobile Data.debug.xcconfig */;
			buildSettings = {
				ASSETCATALOG_COMPILER_APPICON_NAME = AppIcon;
				CODE_SIGN_STYLE = Automatic;
				DEVELOPMENT_TEAM = 9AUL52JZ6T;
				INFOPLIST_FILE = "Mobile Data/Info.plist";
				IPHONEOS_DEPLOYMENT_TARGET = 11.1;
				LD_RUNPATH_SEARCH_PATHS = (
					"$(inherited)",
					"@executable_path/Frameworks",
				);
				PRODUCT_BUNDLE_IDENTIFIER = "com.apsk.Mobile-Data";
				PRODUCT_NAME = "$(TARGET_NAME)";
				SWIFT_VERSION = 4.2;
				TARGETED_DEVICE_FAMILY = "1,2";
			};
			name = Debug;
		};
		39BC37A121D1191F007BF6CA /* Release */ = {
			isa = XCBuildConfiguration;
			baseConfigurationReference = 19AEBF80C256C93BF9802EF9 /* Pods-Mobile Data.release.xcconfig */;
			buildSettings = {
				ASSETCATALOG_COMPILER_APPICON_NAME = AppIcon;
				CODE_SIGN_STYLE = Automatic;
				DEVELOPMENT_TEAM = 9AUL52JZ6T;
				INFOPLIST_FILE = "Mobile Data/Info.plist";
				IPHONEOS_DEPLOYMENT_TARGET = 11.1;
				LD_RUNPATH_SEARCH_PATHS = (
					"$(inherited)",
					"@executable_path/Frameworks",
				);
				PRODUCT_BUNDLE_IDENTIFIER = "com.apsk.Mobile-Data";
				PRODUCT_NAME = "$(TARGET_NAME)";
				SWIFT_VERSION = 4.2;
				TARGETED_DEVICE_FAMILY = "1,2";
			};
			name = Release;
		};
		39BC37A321D1191F007BF6CA /* Debug */ = {
			isa = XCBuildConfiguration;
			baseConfigurationReference = D4E753EF11CAFB933C3FF2DD /* Pods-Mobile DataTests.debug.xcconfig */;
			buildSettings = {
				ALWAYS_EMBED_SWIFT_STANDARD_LIBRARIES = YES;
				BUNDLE_LOADER = "$(TEST_HOST)";
				CODE_SIGN_STYLE = Automatic;
				DEVELOPMENT_TEAM = 9AUL52JZ6T;
				INFOPLIST_FILE = "Mobile DataTests/Info.plist";
				LD_RUNPATH_SEARCH_PATHS = (
					"$(inherited)",
					"@executable_path/Frameworks",
					"@loader_path/Frameworks",
				);
				PRODUCT_BUNDLE_IDENTIFIER = "com.apsk.Mobile-DataTests";
				PRODUCT_NAME = "$(TARGET_NAME)";
				SWIFT_VERSION = 4.2;
				TARGETED_DEVICE_FAMILY = "1,2";
				TEST_HOST = "$(BUILT_PRODUCTS_DIR)/Mobile Data.app/Mobile Data";
			};
			name = Debug;
		};
		39BC37A421D1191F007BF6CA /* Release */ = {
			isa = XCBuildConfiguration;
			baseConfigurationReference = 8C9A1FE665D54A2F09799D7B /* Pods-Mobile DataTests.release.xcconfig */;
			buildSettings = {
				ALWAYS_EMBED_SWIFT_STANDARD_LIBRARIES = YES;
				BUNDLE_LOADER = "$(TEST_HOST)";
				CODE_SIGN_STYLE = Automatic;
				DEVELOPMENT_TEAM = 9AUL52JZ6T;
				INFOPLIST_FILE = "Mobile DataTests/Info.plist";
				LD_RUNPATH_SEARCH_PATHS = (
					"$(inherited)",
					"@executable_path/Frameworks",
					"@loader_path/Frameworks",
				);
				PRODUCT_BUNDLE_IDENTIFIER = "com.apsk.Mobile-DataTests";
				PRODUCT_NAME = "$(TARGET_NAME)";
				SWIFT_VERSION = 4.2;
				TARGETED_DEVICE_FAMILY = "1,2";
				TEST_HOST = "$(BUILT_PRODUCTS_DIR)/Mobile Data.app/Mobile Data";
			};
			name = Release;
		};
		39BC37A621D1191F007BF6CA /* Debug */ = {
			isa = XCBuildConfiguration;
			baseConfigurationReference = 6C8093466E46F0BF799FF6D9 /* Pods-Mobile DataUITests.debug.xcconfig */;
			buildSettings = {
				ALWAYS_EMBED_SWIFT_STANDARD_LIBRARIES = YES;
				CODE_SIGN_STYLE = Automatic;
				DEVELOPMENT_TEAM = 9AUL52JZ6T;
				INFOPLIST_FILE = "Mobile DataUITests/Info.plist";
				LD_RUNPATH_SEARCH_PATHS = (
					"$(inherited)",
					"@executable_path/Frameworks",
					"@loader_path/Frameworks",
				);
				PRODUCT_BUNDLE_IDENTIFIER = "com.apsk.Mobile-DataUITests";
				PRODUCT_NAME = "$(TARGET_NAME)";
				SWIFT_VERSION = 4.2;
				TARGETED_DEVICE_FAMILY = "1,2";
				TEST_TARGET_NAME = "Mobile Data";
			};
			name = Debug;
		};
		39BC37A721D1191F007BF6CA /* Release */ = {
			isa = XCBuildConfiguration;
			baseConfigurationReference = 62BD370A97F5E636A3A6410E /* Pods-Mobile DataUITests.release.xcconfig */;
			buildSettings = {
				ALWAYS_EMBED_SWIFT_STANDARD_LIBRARIES = YES;
				CODE_SIGN_STYLE = Automatic;
				DEVELOPMENT_TEAM = 9AUL52JZ6T;
				INFOPLIST_FILE = "Mobile DataUITests/Info.plist";
				LD_RUNPATH_SEARCH_PATHS = (
					"$(inherited)",
					"@executable_path/Frameworks",
					"@loader_path/Frameworks",
				);
				PRODUCT_BUNDLE_IDENTIFIER = "com.apsk.Mobile-DataUITests";
				PRODUCT_NAME = "$(TARGET_NAME)";
				SWIFT_VERSION = 4.2;
				TARGETED_DEVICE_FAMILY = "1,2";
				TEST_TARGET_NAME = "Mobile Data";
			};
			name = Release;
		};
/* End XCBuildConfiguration section */

/* Begin XCConfigurationList section */
		39BC377021D1191D007BF6CA /* Build configuration list for PBXProject "Mobile Data" */ = {
			isa = XCConfigurationList;
			buildConfigurations = (
				39BC379D21D1191F007BF6CA /* Debug */,
				39BC379E21D1191F007BF6CA /* Release */,
			);
			defaultConfigurationIsVisible = 0;
			defaultConfigurationName = Release;
		};
		39BC379F21D1191F007BF6CA /* Build configuration list for PBXNativeTarget "Mobile Data" */ = {
			isa = XCConfigurationList;
			buildConfigurations = (
				39BC37A021D1191F007BF6CA /* Debug */,
				39BC37A121D1191F007BF6CA /* Release */,
			);
			defaultConfigurationIsVisible = 0;
			defaultConfigurationName = Release;
		};
		39BC37A221D1191F007BF6CA /* Build configuration list for PBXNativeTarget "Mobile DataTests" */ = {
			isa = XCConfigurationList;
			buildConfigurations = (
				39BC37A321D1191F007BF6CA /* Debug */,
				39BC37A421D1191F007BF6CA /* Release */,
			);
			defaultConfigurationIsVisible = 0;
			defaultConfigurationName = Release;
		};
		39BC37A521D1191F007BF6CA /* Build configuration list for PBXNativeTarget "Mobile DataUITests" */ = {
			isa = XCConfigurationList;
			buildConfigurations = (
				39BC37A621D1191F007BF6CA /* Debug */,
				39BC37A721D1191F007BF6CA /* Release */,
			);
			defaultConfigurationIsVisible = 0;
			defaultConfigurationName = Release;
		};
/* End XCConfigurationList section */
	};
	rootObject = 39BC376D21D1191D007BF6CA /* Project object */;
}
